PODS:
  - QYUINavigationBarCategory (0.2.0)

DEPENDENCIES:
  - QYUINavigationBarCategory (from `../`)

EXTERNAL SOURCES:
  QYUINavigationBarCategory:
    :path: "../"

SPEC CHECKSUMS:
  QYUINavigationBarCategory: 15bac9501e8faafae87d31c925b412679b6ab9b7

PODFILE CHECKSUM: 5c98f3b1a1c3ef7eaf0da9bb9ddc7a2737899b04

COCOAPODS: 1.11.2
